
Microsoft Visual Studio Solution File, Format Version 12.00
# Visual Studio 15
VisualStudioVersion = 15.0.28010.2019
MinimumVisualStudioVersion = 10.0.40219.1
Project("{FAE04EC0-301F-11D3-BF4B-00C04F79EFBC}") = "CasusWandelapp.Android", "CasusWandelapp\CasusWandelapp.Android\CasusWandelapp.Android.csproj", "{5918DCD2-B253-4457-9840-6091C8D14C2E}"
EndProject
Project("{FAE04EC0-301F-11D3-BF4B-00C04F79EFBC}") = "CasusWandelapp.iOS", "CasusWandelapp\CasusWandelapp.iOS\CasusWandelapp.iOS.csproj", "{228627A7-DD64-4DB4-92D2-DC4EE1DF24A3}"
EndProject
Project("{FAE04EC0-301F-11D3-BF4B-00C04F79EFBC}") = "CasusWandelapp.UWP", "CasusWandelapp\CasusWandelapp.UWP\CasusWandelapp.UWP.csproj", "{6731CEEC-1631-4F50-A84C-E70F270FD060}"
EndProject
Project("{9A19103F-16F7-4668-BE54-9A1E7A4F7556}") = "CasusWandelapp", "CasusWandelapp\CasusWandelapp\CasusWandelapp.csproj", "{7A0B0BCA-AD2F-4F6D-A35D-4302FB17A336}"
EndProject
Global
	GlobalSection(SolutionConfigurationPlatforms) = preSolution
		Ad-Hoc|Any CPU = Ad-Hoc|Any CPU
		Ad-Hoc|ARM = Ad-Hoc|ARM
		Ad-Hoc|iPhone = Ad-Hoc|iPhone
		Ad-Hoc|iPhoneSimulator = Ad-Hoc|iPhoneSimulator
		Ad-Hoc|x64 = Ad-Hoc|x64
		Ad-Hoc|x86 = Ad-Hoc|x86
		AppStore|Any CPU = AppStore|Any CPU
		AppStore|ARM = AppStore|ARM
		AppStore|iPhone = AppStore|iPhone
		AppStore|iPhoneSimulator = AppStore|iPhoneSimulator
		AppStore|x64 = AppStore|x64
		AppStore|x86 = AppStore|x86
		Debug|Any CPU = Debug|Any CPU
		Debug|ARM = Debug|ARM
		Debug|iPhone = Debug|iPhone
		Debug|iPhoneSimulator = Debug|iPhoneSimulator
		Debug|x64 = Debug|x64
		Debug|x86 = Debug|x86
		Release|Any CPU = Release|Any CPU
		Release|ARM = Release|ARM
		Release|iPhone = Release|iPhone
		Release|iPhoneSimulator = Release|iPhoneSimulator
		Release|x64 = Release|x64
		Release|x86 = Release|x86
	EndGlobalSection
	GlobalSection(ProjectConfigurationPlatforms) = postSolution
		{5918DCD2-B253-4457-9840-6091C8D14C2E}.Ad-Hoc|Any CPU.ActiveCfg = Release|Any CPU
		{5918DCD2-B253-4457-9840-6091C8D14C2E}.Ad-Hoc|Any CPU.Build.0 = Release|Any CPU
		{5918DCD2-B253-4457-9840-6091C8D14C2E}.Ad-Hoc|Any CPU.Deploy.0 = Release|Any CPU
		{5918DCD2-B253-4457-9840-6091C8D14C2E}.Ad-Hoc|ARM.ActiveCfg = Release|Any CPU
		{5918DCD2-B253-4457-9840-6091C8D14C2E}.Ad-Hoc|ARM.Build.0 = Release|Any CPU
		{5918DCD2-B253-4457-9840-6091C8D14C2E}.Ad-Hoc|ARM.Deploy.0 = Release|Any CPU
		{5918DCD2-B253-4457-9840-6091C8D14C2E}.Ad-Hoc|iPhone.ActiveCfg = Release|Any CPU
		{5918DCD2-B253-4457-9840-6091C8D14C2E}.Ad-Hoc|iPhone.Build.0 = Release|Any CPU
		{5918DCD2-B253-4457-9840-6091C8D14C2E}.Ad-Hoc|iPhone.Deploy.0 = Release|Any CPU
		{5918DCD2-B253-4457-9840-6091C8D14C2E}.Ad-Hoc|iPhoneSimulator.ActiveCfg = Release|Any CPU
		{5918DCD2-B253-4457-9840-6091C8D14C2E}.Ad-Hoc|iPhoneSimulator.Build.0 = Release|Any CPU
		{5918DCD2-B253-4457-9840-6091C8D14C2E}.Ad-Hoc|iPhoneSimulator.Deploy.0 = Release|Any CPU
		{5918DCD2-B253-4457-9840-6091C8D14C2E}.Ad-Hoc|x64.ActiveCfg = Release|Any CPU
		{5918DCD2-B253-4457-9840-6091C8D14C2E}.Ad-Hoc|x64.Build.0 = Release|Any CPU
		{5918DCD2-B253-4457-9840-6091C8D14C2E}.Ad-Hoc|x64.Deploy.0 = Release|Any CPU
		{5918DCD2-B253-4457-9840-6091C8D14C2E}.Ad-Hoc|x86.ActiveCfg = Release|Any CPU
		{5918DCD2-B253-4457-9840-6091C8D14C2E}.Ad-Hoc|x86.Build.0 = Release|Any CPU
		{5918DCD2-B253-4457-9840-6091C8D14C2E}.Ad-Hoc|x86.Deploy.0 = Release|Any CPU
		{5918DCD2-B253-4457-9840-6091C8D14C2E}.AppStore|Any CPU.ActiveCfg = Release|Any CPU
		{5918DCD2-B253-4457-9840-6091C8D14C2E}.AppStore|Any CPU.Build.0 = Release|Any CPU
		{5918DCD2-B253-4457-9840-6091C8D14C2E}.AppStore|Any CPU.Deploy.0 = Release|Any CPU
		{5918DCD2-B253-4457-9840-6091C8D14C2E}.AppStore|ARM.ActiveCfg = Release|Any CPU
		{5918DCD2-B253-4457-9840-6091C8D14C2E}.AppStore|ARM.Build.0 = Release|Any CPU
		{5918DCD2-B253-4457-9840-6091C8D14C2E}.AppStore|ARM.Deploy.0 = Release|Any CPU
		{5918DCD2-B253-4457-9840-6091C8D14C2E}.AppStore|iPhone.ActiveCfg = Release|Any CPU
		{5918DCD2-B253-4457-9840-6091C8D14C2E}.AppStore|iPhone.Build.0 = Release|Any CPU
		{5918DCD2-B253-4457-9840-6091C8D14C2E}.AppStore|iPhone.Deploy.0 = Release|Any CPU
		{5918DCD2-B253-4457-9840-6091C8D14C2E}.AppStore|iPhoneSimulator.ActiveCfg = Release|Any CPU
		{5918DCD2-B253-4457-9840-6091C8D14C2E}.AppStore|iPhoneSimulator.Build.0 = Release|Any CPU
		{5918DCD2-B253-4457-9840-6091C8D14C2E}.AppStore|iPhoneSimulator.Deploy.0 = Release|Any CPU
		{5918DCD2-B253-4457-9840-6091C8D14C2E}.AppStore|x64.ActiveCfg = Release|Any CPU
		{5918DCD2-B253-4457-9840-6091C8D14C2E}.AppStore|x64.Build.0 = Release|Any CPU
		{5918DCD2-B253-4457-9840-6091C8D14C2E}.AppStore|x64.Deploy.0 = Release|Any CPU
		{5918DCD2-B253-4457-9840-6091C8D14C2E}.AppStore|x86.ActiveCfg = Release|Any CPU
		{5918DCD2-B253-4457-9840-6091C8D14C2E}.AppStore|x86.Build.0 = Release|Any CPU
		{5918DCD2-B253-4457-9840-6091C8D14C2E}.AppStore|x86.Deploy.0 = Release|Any CPU
		{5918DCD2-B253-4457-9840-6091C8D14C2E}.Debug|Any CPU.ActiveCfg = Debug|Any CPU
		{5918DCD2-B253-4457-9840-6091C8D14C2E}.Debug|Any CPU.Build.0 = Debug|Any CPU
		{5918DCD2-B253-4457-9840-6091C8D14C2E}.Debug|Any CPU.Deploy.0 = Debug|Any CPU
		{5918DCD2-B253-4457-9840-6091C8D14C2E}.Debug|ARM.ActiveCfg = Debug|Any CPU
		{5918DCD2-B253-4457-9840-6091C8D14C2E}.Debug|ARM.Build.0 = Debug|Any CPU
		{5918DCD2-B253-4457-9840-6091C8D14C2E}.Debug|ARM.Deploy.0 = Debug|Any CPU
		{5918DCD2-B253-4457-9840-6091C8D14C2E}.Debug|iPhone.ActiveCfg = Debug|Any CPU
		{5918DCD2-B253-4457-9840-6091C8D14C2E}.Debug|iPhone.Build.0 = Debug|Any CPU
		{5918DCD2-B253-4457-9840-6091C8D14C2E}.Debug|iPhone.Deploy.0 = Debug|Any CPU
		{5918DCD2-B253-4457-9840-6091C8D14C2E}.Debug|iPhoneSimulator.ActiveCfg = Debug|Any CPU
		{5918DCD2-B253-4457-9840-6091C8D14C2E}.Debug|iPhoneSimulator.Build.0 = Debug|Any CPU
		{5918DCD2-B253-4457-9840-6091C8D14C2E}.Debug|iPhoneSimulator.Deploy.0 = Debug|Any CPU
		{5918DCD2-B253-4457-9840-6091C8D14C2E}.Debug|x64.ActiveCfg = Debug|Any CPU
		{5918DCD2-B253-4457-9840-6091C8D14C2E}.Debug|x64.Build.0 = Debug|Any CPU
		{5918DCD2-B253-4457-9840-6091C8D14C2E}.Debug|x64.Deploy.0 = Debug|Any CPU
		{5918DCD2-B253-4457-9840-6091C8D14C2E}.Debug|x86.ActiveCfg = Debug|Any CPU
		{5918DCD2-B253-4457-9840-6091C8D14C2E}.Debug|x86.Build.0 = Debug|Any CPU
		{5918DCD2-B253-4457-9840-6091C8D14C2E}.Debug|x86.Deploy.0 = Debug|Any CPU
		{5918DCD2-B253-4457-9840-6091C8D14C2E}.Release|Any CPU.ActiveCfg = Release|Any CPU
		{5918DCD2-B253-4457-9840-6091C8D14C2E}.Release|Any CPU.Build.0 = Release|Any CPU
		{5918DCD2-B253-4457-9840-6091C8D14C2E}.Release|Any CPU.Deploy.0 = Release|Any CPU
		{5918DCD2-B253-4457-9840-6091C8D14C2E}.Release|ARM.ActiveCfg = Release|Any CPU
		{5918DCD2-B253-4457-9840-6091C8D14C2E}.Release|ARM.Build.0 = Release|Any CPU
		{5918DCD2-B253-4457-9840-6091C8D14C2E}.Release|ARM.Deploy.0 = Release|Any CPU
		{5918DCD2-B253-4457-9840-6091C8D14C2E}.Release|iPhone.ActiveCfg = Release|Any CPU
		{5918DCD2-B253-4457-9840-6091C8D14C2E}.Release|iPhone.Build.0 = Release|Any CPU
		{5918DCD2-B253-4457-9840-6091C8D14C2E}.Release|iPhone.Deploy.0 = Release|Any CPU
		{5918DCD2-B253-4457-9840-6091C8D14C2E}.Release|iPhoneSimulator.ActiveCfg = Release|Any CPU
		{5918DCD2-B253-4457-9840-6091C8D14C2E}.Release|iPhoneSimulator.Build.0 = Release|Any CPU
		{5918DCD2-B253-4457-9840-6091C8D14C2E}.Release|iPhoneSimulator.Deploy.0 = Release|Any CPU
		{5918DCD2-B253-4457-9840-6091C8D14C2E}.Release|x64.ActiveCfg = Release|Any CPU
		{5918DCD2-B253-4457-9840-6091C8D14C2E}.Release|x64.Build.0 = Release|Any CPU
		{5918DCD2-B253-4457-9840-6091C8D14C2E}.Release|x64.Deploy.0 = Release|Any CPU
		{5918DCD2-B253-4457-9840-6091C8D14C2E}.Release|x86.ActiveCfg = Release|Any CPU
		{5918DCD2-B253-4457-9840-6091C8D14C2E}.Release|x86.Build.0 = Release|Any CPU
		{5918DCD2-B253-4457-9840-6091C8D14C2E}.Release|x86.Deploy.0 = Release|Any CPU
		{228627A7-DD64-4DB4-92D2-DC4EE1DF24A3}.Ad-Hoc|Any CPU.ActiveCfg = Ad-Hoc|iPhone
		{228627A7-DD64-4DB4-92D2-DC4EE1DF24A3}.Ad-Hoc|Any CPU.Build.0 = Ad-Hoc|iPhone
		{228627A7-DD64-4DB4-92D2-DC4EE1DF24A3}.Ad-Hoc|Any CPU.Deploy.0 = Ad-Hoc|iPhone
		{228627A7-DD64-4DB4-92D2-DC4EE1DF24A3}.Ad-Hoc|ARM.ActiveCfg = Ad-Hoc|iPhone
		{228627A7-DD64-4DB4-92D2-DC4EE1DF24A3}.Ad-Hoc|ARM.Build.0 = Ad-Hoc|iPhone
		{228627A7-DD64-4DB4-92D2-DC4EE1DF24A3}.Ad-Hoc|ARM.Deploy.0 = Ad-Hoc|iPhone
		{228627A7-DD64-4DB4-92D2-DC4EE1DF24A3}.Ad-Hoc|iPhone.ActiveCfg = Ad-Hoc|iPhone
		{228627A7-DD64-4DB4-92D2-DC4EE1DF24A3}.Ad-Hoc|iPhone.Build.0 = Ad-Hoc|iPhone
		{228627A7-DD64-4DB4-92D2-DC4EE1DF24A3}.Ad-Hoc|iPhone.Deploy.0 = Ad-Hoc|iPhone
		{228627A7-DD64-4DB4-92D2-DC4EE1DF24A3}.Ad-Hoc|iPhoneSimulator.ActiveCfg = Ad-Hoc|iPhoneSimulator
		{228627A7-DD64-4DB4-92D2-DC4EE1DF24A3}.Ad-Hoc|iPhoneSimulator.Build.0 = Ad-Hoc|iPhoneSimulator
		{228627A7-DD64-4DB4-92D2-DC4EE1DF24A3}.Ad-Hoc|iPhoneSimulator.Deploy.0 = Ad-Hoc|iPhoneSimulator
		{228627A7-DD64-4DB4-92D2-DC4EE1DF24A3}.Ad-Hoc|x64.ActiveCfg = Ad-Hoc|iPhone
		{228627A7-DD64-4DB4-92D2-DC4EE1DF24A3}.Ad-Hoc|x64.Build.0 = Ad-Hoc|iPhone
		{228627A7-DD64-4DB4-92D2-DC4EE1DF24A3}.Ad-Hoc|x64.Deploy.0 = Ad-Hoc|iPhone
		{228627A7-DD64-4DB4-92D2-DC4EE1DF24A3}.Ad-Hoc|x86.ActiveCfg = Ad-Hoc|iPhone
		{228627A7-DD64-4DB4-92D2-DC4EE1DF24A3}.Ad-Hoc|x86.Build.0 = Ad-Hoc|iPhone
		{228627A7-DD64-4DB4-92D2-DC4EE1DF24A3}.Ad-Hoc|x86.Deploy.0 = Ad-Hoc|iPhone
		{228627A7-DD64-4DB4-92D2-DC4EE1DF24A3}.AppStore|Any CPU.ActiveCfg = AppStore|iPhone
		{228627A7-DD64-4DB4-92D2-DC4EE1DF24A3}.AppStore|Any CPU.Build.0 = AppStore|iPhone
		{228627A7-DD64-4DB4-92D2-DC4EE1DF24A3}.AppStore|Any CPU.Deploy.0 = AppStore|iPhone
		{228627A7-DD64-4DB4-92D2-DC4EE1DF24A3}.AppStore|ARM.ActiveCfg = AppStore|iPhone
		{228627A7-DD64-4DB4-92D2-DC4EE1DF24A3}.AppStore|ARM.Build.0 = AppStore|iPhone
		{228627A7-DD64-4DB4-92D2-DC4EE1DF24A3}.AppStore|ARM.Deploy.0 = AppStore|iPhone
		{228627A7-DD64-4DB4-92D2-DC4EE1DF24A3}.AppStore|iPhone.ActiveCfg = AppStore|iPhone
		{228627A7-DD64-4DB4-92D2-DC4EE1DF24A3}.AppStore|iPhone.Build.0 = AppStore|iPhone
		{228627A7-DD64-4DB4-92D2-DC4EE1DF24A3}.AppStore|iPhone.Deploy.0 = AppStore|iPhone
		{228627A7-DD64-4DB4-92D2-DC4EE1DF24A3}.AppStore|iPhoneSimulator.ActiveCfg = AppStore|iPhoneSimulator
		{228627A7-DD64-4DB4-92D2-DC4EE1DF24A3}.AppStore|iPhoneSimulator.Build.0 = AppStore|iPhoneSimulator
		{228627A7-DD64-4DB4-92D2-DC4EE1DF24A3}.AppStore|iPhoneSimulator.Deploy.0 = AppStore|iPhoneSimulator
		{228627A7-DD64-4DB4-92D2-DC4EE1DF24A3}.AppStore|x64.ActiveCfg = AppStore|iPhone
		{228627A7-DD64-4DB4-92D2-DC4EE1DF24A3}.AppStore|x64.Build.0 = AppStore|iPhone
		{228627A7-DD64-4DB4-92D2-DC4EE1DF24A3}.AppStore|x64.Deploy.0 = AppStore|iPhone
		{228627A7-DD64-4DB4-92D2-DC4EE1DF24A3}.AppStore|x86.ActiveCfg = AppStore|iPhone
		{228627A7-DD64-4DB4-92D2-DC4EE1DF24A3}.AppStore|x86.Build.0 = AppStore|iPhone
		{228627A7-DD64-4DB4-92D2-DC4EE1DF24A3}.AppStore|x86.Deploy.0 = AppStore|iPhone
		{228627A7-DD64-4DB4-92D2-DC4EE1DF24A3}.Debug|Any CPU.ActiveCfg = Debug|iPhoneSimulator
		{228627A7-DD64-4DB4-92D2-DC4EE1DF24A3}.Debug|Any CPU.Build.0 = Debug|iPhoneSimulator
		{228627A7-DD64-4DB4-92D2-DC4EE1DF24A3}.Debug|Any CPU.Deploy.0 = Debug|iPhoneSimulator
		{228627A7-DD64-4DB4-92D2-DC4EE1DF24A3}.Debug|ARM.ActiveCfg = Debug|iPhone
		{228627A7-DD64-4DB4-92D2-DC4EE1DF24A3}.Debug|ARM.Build.0 = Debug|iPhone
		{228627A7-DD64-4DB4-92D2-DC4EE1DF24A3}.Debug|ARM.Deploy.0 = Debug|iPhone
		{228627A7-DD64-4DB4-92D2-DC4EE1DF24A3}.Debug|iPhone.ActiveCfg = Debug|iPhone
		{228627A7-DD64-4DB4-92D2-DC4EE1DF24A3}.Debug|iPhone.Build.0 = Debug|iPhone
		{228627A7-DD64-4DB4-92D2-DC4EE1DF24A3}.Debug|iPhone.Deploy.0 = Debug|iPhone
		{228627A7-DD64-4DB4-92D2-DC4EE1DF24A3}.Debug|iPhoneSimulator.ActiveCfg = Debug|iPhoneSimulator
		{228627A7-DD64-4DB4-92D2-DC4EE1DF24A3}.Debug|iPhoneSimulator.Build.0 = Debug|iPhoneSimulator
		{228627A7-DD64-4DB4-92D2-DC4EE1DF24A3}.Debug|iPhoneSimulator.Deploy.0 = Debug|iPhoneSimulator
		{228627A7-DD64-4DB4-92D2-DC4EE1DF24A3}.Debug|x64.ActiveCfg = Debug|iPhone
		{228627A7-DD64-4DB4-92D2-DC4EE1DF24A3}.Debug|x64.Build.0 = Debug|iPhone
		{228627A7-DD64-4DB4-92D2-DC4EE1DF24A3}.Debug|x64.Deploy.0 = Debug|iPhone
		{228627A7-DD64-4DB4-92D2-DC4EE1DF24A3}.Debug|x86.ActiveCfg = Debug|iPhone
		{228627A7-DD64-4DB4-92D2-DC4EE1DF24A3}.Debug|x86.Build.0 = Debug|iPhone
		{228627A7-DD64-4DB4-92D2-DC4EE1DF24A3}.Debug|x86.Deploy.0 = Debug|iPhone
		{228627A7-DD64-4DB4-92D2-DC4EE1DF24A3}.Release|Any CPU.ActiveCfg = Release|iPhone
		{228627A7-DD64-4DB4-92D2-DC4EE1DF24A3}.Release|Any CPU.Build.0 = Release|iPhone
		{228627A7-DD64-4DB4-92D2-DC4EE1DF24A3}.Release|Any CPU.Deploy.0 = Release|iPhone
		{228627A7-DD64-4DB4-92D2-DC4EE1DF24A3}.Release|ARM.ActiveCfg = Release|iPhone
		{228627A7-DD64-4DB4-92D2-DC4EE1DF24A3}.Release|ARM.Build.0 = Release|iPhone
		{228627A7-DD64-4DB4-92D2-DC4EE1DF24A3}.Release|ARM.Deploy.0 = Release|iPhone
		{228627A7-DD64-4DB4-92D2-DC4EE1DF24A3}.Release|iPhone.ActiveCfg = Release|iPhone
		{228627A7-DD64-4DB4-92D2-DC4EE1DF24A3}.Release|iPhone.Build.0 = Release|iPhone
		{228627A7-DD64-4DB4-92D2-DC4EE1DF24A3}.Release|iPhone.Deploy.0 = Release|iPhone
		{228627A7-DD64-4DB4-92D2-DC4EE1DF24A3}.Release|iPhoneSimulator.ActiveCfg = Release|iPhoneSimulator
		{228627A7-DD64-4DB4-92D2-DC4EE1DF24A3}.Release|iPhoneSimulator.Build.0 = Release|iPhoneSimulator
		{228627A7-DD64-4DB4-92D2-DC4EE1DF24A3}.Release|iPhoneSimulator.Deploy.0 = Release|iPhoneSimulator
		{228627A7-DD64-4DB4-92D2-DC4EE1DF24A3}.Release|x64.ActiveCfg = Release|iPhone
		{228627A7-DD64-4DB4-92D2-DC4EE1DF24A3}.Release|x64.Build.0 = Release|iPhone
		{228627A7-DD64-4DB4-92D2-DC4EE1DF24A3}.Release|x64.Deploy.0 = Release|iPhone
		{228627A7-DD64-4DB4-92D2-DC4EE1DF24A3}.Release|x86.ActiveCfg = Release|iPhone
		{228627A7-DD64-4DB4-92D2-DC4EE1DF24A3}.Release|x86.Build.0 = Release|iPhone
		{228627A7-DD64-4DB4-92D2-DC4EE1DF24A3}.Release|x86.Deploy.0 = Release|iPhone
		{6731CEEC-1631-4F50-A84C-E70F270FD060}.Ad-Hoc|Any CPU.ActiveCfg = Release|x86
		{6731CEEC-1631-4F50-A84C-E70F270FD060}.Ad-Hoc|Any CPU.Build.0 = Release|x86
		{6731CEEC-1631-4F50-A84C-E70F270FD060}.Ad-Hoc|Any CPU.Deploy.0 = Release|x86
		{6731CEEC-1631-4F50-A84C-E70F270FD060}.Ad-Hoc|ARM.ActiveCfg = Release|ARM
		{6731CEEC-1631-4F50-A84C-E70F270FD060}.Ad-Hoc|ARM.Build.0 = Release|ARM
		{6731CEEC-1631-4F50-A84C-E70F270FD060}.Ad-Hoc|ARM.Deploy.0 = Release|ARM
		{6731CEEC-1631-4F50-A84C-E70F270FD060}.Ad-Hoc|iPhone.ActiveCfg = Release|x86
		{6731CEEC-1631-4F50-A84C-E70F270FD060}.Ad-Hoc|iPhone.Build.0 = Release|x86
		{6731CEEC-1631-4F50-A84C-E70F270FD060}.Ad-Hoc|iPhone.Deploy.0 = Release|x86
		{6731CEEC-1631-4F50-A84C-E70F270FD060}.Ad-Hoc|iPhoneSimulator.ActiveCfg = Release|x86
		{6731CEEC-1631-4F50-A84C-E70F270FD060}.Ad-Hoc|iPhoneSimulator.Build.0 = Release|x86
		{6731CEEC-1631-4F50-A84C-E70F270FD060}.Ad-Hoc|iPhoneSimulator.Deploy.0 = Release|x86
		{6731CEEC-1631-4F50-A84C-E70F270FD060}.Ad-Hoc|x64.ActiveCfg = Release|x64
		{6731CEEC-1631-4F50-A84C-E70F270FD060}.Ad-Hoc|x64.Build.0 = Release|x64
		{6731CEEC-1631-4F50-A84C-E70F270FD060}.Ad-Hoc|x64.Deploy.0 = Release|x64
		{6731CEEC-1631-4F50-A84C-E70F270FD060}.Ad-Hoc|x86.ActiveCfg = Release|x86
		{6731CEEC-1631-4F50-A84C-E70F270FD060}.Ad-Hoc|x86.Build.0 = Release|x86
		{6731CEEC-1631-4F50-A84C-E70F270FD060}.Ad-Hoc|x86.Deploy.0 = Release|x86
		{6731CEEC-1631-4F50-A84C-E70F270FD060}.AppStore|Any CPU.ActiveCfg = Release|x86
		{6731CEEC-1631-4F50-A84C-E70F270FD060}.AppStore|Any CPU.Build.0 = Release|x86
		{6731CEEC-1631-4F50-A84C-E70F270FD060}.AppStore|Any CPU.Deploy.0 = Release|x86
		{6731CEEC-1631-4F50-A84C-E70F270FD060}.AppStore|ARM.ActiveCfg = Release|ARM
		{6731CEEC-1631-4F50-A84C-E70F270FD060}.AppStore|ARM.Build.0 = Release|ARM
		{6731CEEC-1631-4F50-A84C-E70F270FD060}.AppStore|ARM.Deploy.0 = Release|ARM
		{6731CEEC-1631-4F50-A84C-E70F270FD060}.AppStore|iPhone.ActiveCfg = Release|x86
		{6731CEEC-1631-4F50-A84C-E70F270FD060}.AppStore|iPhone.Build.0 = Release|x86
		{6731CEEC-1631-4F50-A84C-E70F270FD060}.AppStore|iPhone.Deploy.0 = Release|x86
		{6731CEEC-1631-4F50-A84C-E70F270FD060}.AppStore|iPhoneSimulator.ActiveCfg = Release|x86
		{6731CEEC-1631-4F50-A84C-E70F270FD060}.AppStore|iPhoneSimulator.Build.0 = Release|x86
		{6731CEEC-1631-4F50-A84C-E70F270FD060}.AppStore|iPhoneSimulator.Deploy.0 = Release|x86
		{6731CEEC-1631-4F50-A84C-E70F270FD060}.AppStore|x64.ActiveCfg = Release|x64
		{6731CEEC-1631-4F50-A84C-E70F270FD060}.AppStore|x64.Build.0 = Release|x64
		{6731CEEC-1631-4F50-A84C-E70F270FD060}.AppStore|x64.Deploy.0 = Release|x64
		{6731CEEC-1631-4F50-A84C-E70F270FD060}.AppStore|x86.ActiveCfg = Release|x86
		{6731CEEC-1631-4F50-A84C-E70F270FD060}.AppStore|x86.Build.0 = Release|x86
		{6731CEEC-1631-4F50-A84C-E70F270FD060}.AppStore|x86.Deploy.0 = Release|x86
		{6731CEEC-1631-4F50-A84C-E70F270FD060}.Debug|Any CPU.ActiveCfg = Debug|x86
		{6731CEEC-1631-4F50-A84C-E70F270FD060}.Debug|Any CPU.Build.0 = Debug|x86
		{6731CEEC-1631-4F50-A84C-E70F270FD060}.Debug|Any CPU.Deploy.0 = Debug|x86
		{6731CEEC-1631-4F50-A84C-E70F270FD060}.Debug|ARM.ActiveCfg = Debug|ARM
		{6731CEEC-1631-4F50-A84C-E70F270FD060}.Debug|ARM.Build.0 = Debug|ARM
		{6731CEEC-1631-4F50-A84C-E70F270FD060}.Debug|ARM.Deploy.0 = Debug|ARM
		{6731CEEC-1631-4F50-A84C-E70F270FD060}.Debug|iPhone.ActiveCfg = Debug|x86
		{6731CEEC-1631-4F50-A84C-E70F270FD060}.Debug|iPhone.Build.0 = Debug|x86
		{6731CEEC-1631-4F50-A84C-E70F270FD060}.Debug|iPhone.Deploy.0 = Debug|x86
		{6731CEEC-1631-4F50-A84C-E70F270FD060}.Debug|iPhoneSimulator.ActiveCfg = Debug|x86
		{6731CEEC-1631-4F50-A84C-E70F270FD060}.Debug|iPhoneSimulator.Build.0 = Debug|x86
		{6731CEEC-1631-4F50-A84C-E70F270FD060}.Debug|iPhoneSimulator.Deploy.0 = Debug|x86
		{6731CEEC-1631-4F50-A84C-E70F270FD060}.Debug|x64.ActiveCfg = Debug|x64
		{6731CEEC-1631-4F50-A84C-E70F270FD060}.Debug|x64.Build.0 = Debug|x64
		{6731CEEC-1631-4F50-A84C-E70F270FD060}.Debug|x64.Deploy.0 = Debug|x64
		{6731CEEC-1631-4F50-A84C-E70F270FD060}.Debug|x86.ActiveCfg = Debug|x86
		{6731CEEC-1631-4F50-A84C-E70F270FD060}.Debug|x86.Build.0 = Debug|x86
		{6731CEEC-1631-4F50-A84C-E70F270FD060}.Debug|x86.Deploy.0 = Debug|x86
		{6731CEEC-1631-4F50-A84C-E70F270FD060}.Release|Any CPU.ActiveCfg = Release|x86
		{6731CEEC-1631-4F50-A84C-E70F270FD060}.Release|Any CPU.Build.0 = Release|x86
		{6731CEEC-1631-4F50-A84C-E70F270FD060}.Release|Any CPU.Deploy.0 = Release|x86
		{6731CEEC-1631-4F50-A84C-E70F270FD060}.Release|ARM.ActiveCfg = Release|ARM
		{6731CEEC-1631-4F50-A84C-E70F270FD060}.Release|ARM.Build.0 = Release|ARM
		{6731CEEC-1631-4F50-A84C-E70F270FD060}.Release|ARM.Deploy.0 = Release|ARM
		{6731CEEC-1631-4F50-A84C-E70F270FD060}.Release|iPhone.ActiveCfg = Release|x86
		{6731CEEC-1631-4F50-A84C-E70F270FD060}.Release|iPhone.Build.0 = Release|x86
		{6731CEEC-1631-4F50-A84C-E70F270FD060}.Release|iPhone.Deploy.0 = Release|x86
		{6731CEEC-1631-4F50-A84C-E70F270FD060}.Release|iPhoneSimulator.ActiveCfg = Release|x86
		{6731CEEC-1631-4F50-A84C-E70F270FD060}.Release|iPhoneSimulator.Build.0 = Release|x86
		{6731CEEC-1631-4F50-A84C-E70F270FD060}.Release|iPhoneSimulator.Deploy.0 = Release|x86
		{6731CEEC-1631-4F50-A84C-E70F270FD060}.Release|x64.ActiveCfg = Release|x64
		{6731CEEC-1631-4F50-A84C-E70F270FD060}.Release|x64.Build.0 = Release|x64
		{6731CEEC-1631-4F50-A84C-E70F270FD060}.Release|x64.Deploy.0 = Release|x64
		{6731CEEC-1631-4F50-A84C-E70F270FD060}.Release|x86.ActiveCfg = Release|x86
		{6731CEEC-1631-4F50-A84C-E70F270FD060}.Release|x86.Build.0 = Release|x86
		{6731CEEC-1631-4F50-A84C-E70F270FD060}.Release|x86.Deploy.0 = Release|x86
		{7A0B0BCA-AD2F-4F6D-A35D-4302FB17A336}.Ad-Hoc|Any CPU.ActiveCfg = Debug|Any CPU
		{7A0B0BCA-AD2F-4F6D-A35D-4302FB17A336}.Ad-Hoc|Any CPU.Build.0 = Debug|Any CPU
		{7A0B0BCA-AD2F-4F6D-A35D-4302FB17A336}.Ad-Hoc|Any CPU.Deploy.0 = Debug|Any CPU
		{7A0B0BCA-AD2F-4F6D-A35D-4302FB17A336}.Ad-Hoc|ARM.ActiveCfg = Debug|Any CPU
		{7A0B0BCA-AD2F-4F6D-A35D-4302FB17A336}.Ad-Hoc|ARM.Build.0 = Debug|Any CPU
		{7A0B0BCA-AD2F-4F6D-A35D-4302FB17A336}.Ad-Hoc|ARM.Deploy.0 = Debug|Any CPU
		{7A0B0BCA-AD2F-4F6D-A35D-4302FB17A336}.Ad-Hoc|iPhone.ActiveCfg = Debug|Any CPU
		{7A0B0BCA-AD2F-4F6D-A35D-4302FB17A336}.Ad-Hoc|iPhone.Build.0 = Debug|Any CPU
		{7A0B0BCA-AD2F-4F6D-A35D-4302FB17A336}.Ad-Hoc|iPhone.Deploy.0 = Debug|Any CPU
		{7A0B0BCA-AD2F-4F6D-A35D-4302FB17A336}.Ad-Hoc|iPhoneSimulator.ActiveCfg = Debug|Any CPU
		{7A0B0BCA-AD2F-4F6D-A35D-4302FB17A336}.Ad-Hoc|iPhoneSimulator.Build.0 = Debug|Any CPU
		{7A0B0BCA-AD2F-4F6D-A35D-4302FB17A336}.Ad-Hoc|iPhoneSimulator.Deploy.0 = Debug|Any CPU
		{7A0B0BCA-AD2F-4F6D-A35D-4302FB17A336}.Ad-Hoc|x64.ActiveCfg = Debug|Any CPU
		{7A0B0BCA-AD2F-4F6D-A35D-4302FB17A336}.Ad-Hoc|x64.Build.0 = Debug|Any CPU
		{7A0B0BCA-AD2F-4F6D-A35D-4302FB17A336}.Ad-Hoc|x64.Deploy.0 = Debug|Any CPU
		{7A0B0BCA-AD2F-4F6D-A35D-4302FB17A336}.Ad-Hoc|x86.ActiveCfg = Debug|Any CPU
		{7A0B0BCA-AD2F-4F6D-A35D-4302FB17A336}.Ad-Hoc|x86.Build.0 = Debug|Any CPU
		{7A0B0BCA-AD2F-4F6D-A35D-4302FB17A336}.Ad-Hoc|x86.Deploy.0 = Debug|Any CPU
		{7A0B0BCA-AD2F-4F6D-A35D-4302FB17A336}.AppStore|Any CPU.ActiveCfg = Debug|Any CPU
		{7A0B0BCA-AD2F-4F6D-A35D-4302FB17A336}.AppStore|Any CPU.Build.0 = Debug|Any CPU
		{7A0B0BCA-AD2F-4F6D-A35D-4302FB17A336}.AppStore|Any CPU.Deploy.0 = Debug|Any CPU
		{7A0B0BCA-AD2F-4F6D-A35D-4302FB17A336}.AppStore|ARM.ActiveCfg = Debug|Any CPU
		{7A0B0BCA-AD2F-4F6D-A35D-4302FB17A336}.AppStore|ARM.Build.0 = Debug|Any CPU
		{7A0B0BCA-AD2F-4F6D-A35D-4302FB17A336}.AppStore|ARM.Deploy.0 = Debug|Any CPU
		{7A0B0BCA-AD2F-4F6D-A35D-4302FB17A336}.AppStore|iPhone.ActiveCfg = Debug|Any CPU
		{7A0B0BCA-AD2F-4F6D-A35D-4302FB17A336}.AppStore|iPhone.Build.0 = Debug|Any CPU
		{7A0B0BCA-AD2F-4F6D-A35D-4302FB17A336}.AppStore|iPhone.Deploy.0 = Debug|Any CPU
		{7A0B0BCA-AD2F-4F6D-A35D-4302FB17A336}.AppStore|iPhoneSimulator.ActiveCfg = Debug|Any CPU
		{7A0B0BCA-AD2F-4F6D-A35D-4302FB17A336}.AppStore|iPhoneSimulator.Build.0 = Debug|Any CPU
		{7A0B0BCA-AD2F-4F6D-A35D-4302FB17A336}.AppStore|iPhoneSimulator.Deploy.0 = Debug|Any CPU
		{7A0B0BCA-AD2F-4F6D-A35D-4302FB17A336}.AppStore|x64.ActiveCfg = Debug|Any CPU
		{7A0B0BCA-AD2F-4F6D-A35D-4302FB17A336}.AppStore|x64.Build.0 = Debug|Any CPU
		{7A0B0BCA-AD2F-4F6D-A35D-4302FB17A336}.AppStore|x64.Deploy.0 = Debug|Any CPU
		{7A0B0BCA-AD2F-4F6D-A35D-4302FB17A336}.AppStore|x86.ActiveCfg = Debug|Any CPU
		{7A0B0BCA-AD2F-4F6D-A35D-4302FB17A336}.AppStore|x86.Build.0 = Debug|Any CPU
		{7A0B0BCA-AD2F-4F6D-A35D-4302FB17A336}.AppStore|x86.Deploy.0 = Debug|Any CPU
		{7A0B0BCA-AD2F-4F6D-A35D-4302FB17A336}.Debug|Any CPU.ActiveCfg = Debug|Any CPU
		{7A0B0BCA-AD2F-4F6D-A35D-4302FB17A336}.Debug|Any CPU.Build.0 = Debug|Any CPU
		{7A0B0BCA-AD2F-4F6D-A35D-4302FB17A336}.Debug|Any CPU.Deploy.0 = Debug|Any CPU
		{7A0B0BCA-AD2F-4F6D-A35D-4302FB17A336}.Debug|ARM.ActiveCfg = Debug|Any CPU
		{7A0B0BCA-AD2F-4F6D-A35D-4302FB17A336}.Debug|ARM.Build.0 = Debug|Any CPU
		{7A0B0BCA-AD2F-4F6D-A35D-4302FB17A336}.Debug|ARM.Deploy.0 = Debug|Any CPU
		{7A0B0BCA-AD2F-4F6D-A35D-4302FB17A336}.Debug|iPhone.ActiveCfg = Debug|Any CPU
		{7A0B0BCA-AD2F-4F6D-A35D-4302FB17A336}.Debug|iPhone.Build.0 = Debug|Any CPU
		{7A0B0BCA-AD2F-4F6D-A35D-4302FB17A336}.Debug|iPhone.Deploy.0 = Debug|Any CPU
		{7A0B0BCA-AD2F-4F6D-A35D-4302FB17A336}.Debug|iPhoneSimulator.ActiveCfg = Debug|Any CPU
		{7A0B0BCA-AD2F-4F6D-A35D-4302FB17A336}.Debug|iPhoneSimulator.Build.0 = Debug|Any CPU
		{7A0B0BCA-AD2F-4F6D-A35D-4302FB17A336}.Debug|iPhoneSimulator.Deploy.0 = Debug|Any CPU
		{7A0B0BCA-AD2F-4F6D-A35D-4302FB17A336}.Debug|x64.ActiveCfg = Debug|Any CPU
		{7A0B0BCA-AD2F-4F6D-A35D-4302FB17A336}.Debug|x64.Build.0 = Debug|Any CPU
		{7A0B0BCA-AD2F-4F6D-A35D-4302FB17A336}.Debug|x64.Deploy.0 = Debug|Any CPU
		{7A0B0BCA-AD2F-4F6D-A35D-4302FB17A336}.Debug|x86.ActiveCfg = Debug|Any CPU
		{7A0B0BCA-AD2F-4F6D-A35D-4302FB17A336}.Debug|x86.Build.0 = Debug|Any CPU
		{7A0B0BCA-AD2F-4F6D-A35D-4302FB17A336}.Debug|x86.Deploy.0 = Debug|Any CPU
		{7A0B0BCA-AD2F-4F6D-A35D-4302FB17A336}.Release|Any CPU.ActiveCfg = Release|Any CPU
		{7A0B0BCA-AD2F-4F6D-A35D-4302FB17A336}.Release|Any CPU.Build.0 = Release|Any CPU
		{7A0B0BCA-AD2F-4F6D-A35D-4302FB17A336}.Release|Any CPU.Deploy.0 = Release|Any CPU
		{7A0B0BCA-AD2F-4F6D-A35D-4302FB17A336}.Release|ARM.ActiveCfg = Release|Any CPU
		{7A0B0BCA-AD2F-4F6D-A35D-4302FB17A336}.Release|ARM.Build.0 = Release|Any CPU
		{7A0B0BCA-AD2F-4F6D-A35D-4302FB17A336}.Release|ARM.Deploy.0 = Release|Any CPU
		{7A0B0BCA-AD2F-4F6D-A35D-4302FB17A336}.Release|iPhone.ActiveCfg = Release|Any CPU
		{7A0B0BCA-AD2F-4F6D-A35D-4302FB17A336}.Release|iPhone.Build.0 = Release|Any CPU
		{7A0B0BCA-AD2F-4F6D-A35D-4302FB17A336}.Release|iPhone.Deploy.0 = Release|Any CPU
		{7A0B0BCA-AD2F-4F6D-A35D-4302FB17A336}.Release|iPhoneSimulator.ActiveCfg = Release|Any CPU
		{7A0B0BCA-AD2F-4F6D-A35D-4302FB17A336}.Release|iPhoneSimulator.Build.0 = Release|Any CPU
		{7A0B0BCA-AD2F-4F6D-A35D-4302FB17A336}.Release|iPhoneSimulator.Deploy.0 = Release|Any CPU
		{7A0B0BCA-AD2F-4F6D-A35D-4302FB17A336}.Release|x64.ActiveCfg = Release|Any CPU
		{7A0B0BCA-AD2F-4F6D-A35D-4302FB17A336}.Release|x64.Build.0 = Release|Any CPU
		{7A0B0BCA-AD2F-4F6D-A35D-4302FB17A336}.Release|x64.Deploy.0 = Release|Any CPU
		{7A0B0BCA-AD2F-4F6D-A35D-4302FB17A336}.Release|x86.ActiveCfg = Release|Any CPU
		{7A0B0BCA-AD2F-4F6D-A35D-4302FB17A336}.Release|x86.Build.0 = Release|Any CPU
		{7A0B0BCA-AD2F-4F6D-A35D-4302FB17A336}.Release|x86.Deploy.0 = Release|Any CPU
	EndGlobalSection
	GlobalSection(SolutionProperties) = preSolution
		HideSolutionNode = FALSE
	EndGlobalSection
	GlobalSection(ExtensibilityGlobals) = postSolution
		SolutionGuid = {8AFD179C-29A3-4AD0-8C28-75989EBDA593}
	EndGlobalSection
EndGlobal
